<?xml version="1.0" encoding="utf-8"?>
<Project ToolsVersion="4.0" xmlns="http://schemas.microsoft.com/developer/msbuild/2003">
  <ItemGroup>
    <Filter Include="Source Files">
      <UniqueIdentifier>{4FC737F1-C7A5-4376-A066-2A32D752A2FF}</UniqueIdentifier>
      <Extensions>cpp;c;cc;cxx;def;odl;idl;hpj;bat;asm;asmx</Extensions>
    </Filter>
    <Filter Include="Header Files">
      <UniqueIdentifier>{93995380-89BD-4b04-88EB-625FBE52EBFB}</UniqueIdentifier>
      <Extensions>h;hh;hpp;hxx;hm;inl;inc;xsd</Extensions>
    </Filter>
    <Filter Include="Resource Files">
      <UniqueIdentifier>{67DA6AB6-F800-4c08-8B7A-83BB121AAD01}</UniqueIdentifier>
      <Extensions>rc;ico;cur;bmp;dlg;rc2;rct;bin;rgs;gif;jpg;jpeg;jpe;resx;tiff;tif;png;wav</Extensions>
    </Filter>
  </ItemGroup>
  <ItemGroup>
    <ClCompile Include="sources\external\cintools\ILVDataInterface_i.c">
      <Filter>Source Files</Filter>
    </ClCompile>
    <ClCompile Include="sources\external\cintools\ILVTypeInterface_i.c">
      <Filter>Source Files</Filter>
    </ClCompile>
    <ClCompile Include="sources\internal\dataanalysis\InOutConversion.cpp">
      <Filter>Source Files</Filter>
    </ClCompile>
    <ClCompile Include="sources\internal\dataanalysis\stdafx.cpp">
      <Filter>Source Files</Filter>
    </ClCompile>
    <ClCompile Include="sources\internal\dataanalysis\EntryPoint.c">
      <Filter>Source Files</Filter>
    </ClCompile>
    <ClCompile Include="sources\internal\dataanalysisdebug\DataAnalysisDebug.cpp">
      <Filter>Source Files</Filter>
    </ClCompile>
    <ClCompile Include="sources\internal\dataanalysisdebug\stdafx.cpp">
      <Filter>Source Files</Filter>
    </ClCompile>
    <ClCompile Include="sources\internal\transformations\InputParser.cpp">
      <Filter>Source Files</Filter>
    </ClCompile>
    <ClCompile Include="sources\internal\transformations\InputTransformation.cpp">
      <Filter>Source Files</Filter>
    </ClCompile>
    <ClCompile Include="sources\internal\transformations\stdafx.cpp">
      <Filter>Source Files</Filter>
    </ClCompile>
    <ClCompile Include="sources\internal\utils\DebugLogger.cpp">
      <Filter>Source Files</Filter>
    </ClCompile>
    <ClCompile Include="sources\internal\utils\stdafx.cpp">
      <Filter>Source Files</Filter>
    </ClCompile>
    <ClCompile Include="sources\internal\utils\StringUtils.cpp">
      <Filter>Source Files</Filter>
    </ClCompile>
  </ItemGroup>
  <ItemGroup>
    <Midl Include="sources\external\cintools\ILVDataInterface.idl">
      <Filter>Source Files</Filter>
    </Midl>
    <Midl Include="sources\external\cintools\ILVTypeInterface.idl">
      <Filter>Source Files</Filter>
    </Midl>
  </ItemGroup>
  <ItemGroup>
    <ClInclude Include="sources\external\ExternalLib.h">
      <Filter>Header Files</Filter>
    </ClInclude>
    <ClInclude Include="sources\external\cintools\extcode.h">
      <Filter>Header Files</Filter>
    </ClInclude>
    <ClInclude Include="sources\external\cintools\fundtypes.h">
      <Filter>Header Files</Filter>
    </ClInclude>
    <ClInclude Include="sources\external\cintools\hosttype.h">
      <Filter>Header Files</Filter>
    </ClInclude>
    <ClInclude Include="sources\external\cintools\ILVDataInterface.h">
      <Filter>Header Files</Filter>
    </ClInclude>
    <ClInclude Include="sources\external\cintools\ILVTypeInterface.h">
      <Filter>Header Files</Filter>
    </ClInclude>
    <ClInclude Include="sources\external\cintools\lv_epilog.h">
      <Filter>Header Files</Filter>
    </ClInclude>
    <ClInclude Include="sources\external\cintools\lv_prolog.h">
      <Filter>Header Files</Filter>
    </ClInclude>
    <ClInclude Include="sources\external\cintools\platdefines.h">
      <Filter>Header Files</Filter>
    </ClInclude>
    <ClInclude Include="sources\internal\dataanalysis\CommonTypes.h">
      <Filter>Header Files</Filter>
    </ClInclude>
    <ClInclude Include="sources\internal\dataanalysis\EntryPoint.h">
      <Filter>Header Files</Filter>
    </ClInclude>
    <ClInclude Include="sources\internal\dataanalysis\InOutConversion.h">
      <Filter>Header Files</Filter>
    </ClInclude>
    <ClInclude Include="sources\internal\dataanalysis\stdafx.h">
      <Filter>Header Files</Filter>
    </ClInclude>
    <ClInclude Include="sources\internal\dataanalysisdebug\stdafx.h">
      <Filter>Header Files</Filter>
    </ClInclude>
    <ClInclude Include="sources\internal\transformations\CompositeFunctions.h">
      <Filter>Header Files</Filter>
    </ClInclude>
    <ClInclude Include="sources\internal\transformations\ConstantFunction.h">
      <Filter>Header Files</Filter>
    </ClInclude>
    <ClInclude Include="sources\internal\transformations\DataTransformations.h">
      <Filter>Header Files</Filter>
    </ClInclude>
    <ClInclude Include="sources\internal\transformations\HermitePolynomialProvider.h">
      <Filter>Header Files</Filter>
    </ClInclude>
    <ClInclude Include="sources\internal\transformations\InputParser.h">
      <Filter>Header Files</Filter>
    </ClInclude>
    <ClInclude Include="sources\internal\transformations\InputTransformation.h">
      <Filter>Header Files</Filter>
    </ClInclude>
    <ClInclude Include="sources\internal\transformations\IRecursivePolynomialProvider.h">
      <Filter>Header Files</Filter>
    </ClInclude>
    <ClInclude Include="sources\internal\transformations\LegendrePolynomialProvider.h">
      <Filter>Header Files</Filter>
    </ClInclude>
    <ClInclude Include="sources\internal\transformations\LorentzFunction.h">
      <Filter>Header Files</Filter>
    </ClInclude>
    <ClInclude Include="sources\internal\transformations\Polynomial.h">
      <Filter>Header Files</Filter>
    </ClInclude>
    <ClInclude Include="sources\internal\transformations\PolynomialTransform.h">
      <Filter>Header Files</Filter>
    </ClInclude>
    <ClInclude Include="sources\internal\transformations\Spline.h">
      <Filter>Header Files</Filter>
    </ClInclude>
    <ClInclude Include="sources\internal\transformations\stdafx.h">
      <Filter>Header Files</Filter>
    </ClInclude>
    <ClInclude Include="sources\internal\transformations\TransformationsLib.h">
      <Filter>Header Files</Filter>
    </ClInclude>
    <ClInclude Include="sources\internal\transformations\TransformationsLibPrivate.h">
      <Filter>Header Files</Filter>
    </ClInclude>
    <ClInclude Include="sources\internal\transformations\Trigonometric.h">
      <Filter>Header Files</Filter>
    </ClInclude>
    <ClInclude Include="sources\internal\utils\Buffer.h">
      <Filter>Header Files</Filter>
    </ClInclude>
    <ClInclude Include="sources\internal\utils\DebugLogger.h">
      <Filter>Header Files</Filter>
    </ClInclude>
    <ClInclude Include="sources\internal\utils\LinAlgebra.h">
      <Filter>Header Files</Filter>
    </ClInclude>
    <ClInclude Include="sources\internal\utils\MathLib.h">
      <Filter>Header Files</Filter>
    </ClInclude>
    <ClInclude Include="sources\internal\utils\MemoryAllocator.h">
      <Filter>Header Files</Filter>
    </ClInclude>
    <ClInclude Include="sources\internal\utils\stdafx.h">
      <Filter>Header Files</Filter>
    </ClInclude>
    <ClInclude Include="sources\internal\utils\StringUtils.h">
      <Filter>Header Files</Filter>
    </ClInclude>
    <ClInclude Include="sources\internal\utils\UtilsLib.h">
      <Filter>Header Files</Filter>
    </ClInclude>
  </ItemGroup>
</Project>